
Microsoft Visual Studio Solution File, Format Version 12.00
# Visual Studio 15
Project("{FAE04EC0-301F-11D3-BF4B-00C04F79EFBC}") = "Slutprojekt---Programmering-2", "Assembly-CSharp-Editor-firstpass.csproj", "{80FBE519-F2BD-4A82-4CE0-AD2CCBC3A17C}"
EndProject
Global
	GlobalSection(SolutionConfigurationPlatforms) = preSolution
		Debug|Any CPU = Debug|Any CPU
		Release|Any CPU = Release|Any CPU
	EndGlobalSection
	GlobalSection(ProjectConfigurationPlatforms) = postSolution
		{80FBE519-F2BD-4A82-4CE0-AD2CCBC3A17C}.Debug|Any CPU.ActiveCfg = Debug|Any CPU
		{80FBE519-F2BD-4A82-4CE0-AD2CCBC3A17C}.Debug|Any CPU.Build.0 = Debug|Any CPU
		{80FBE519-F2BD-4A82-4CE0-AD2CCBC3A17C}.Release|Any CPU.ActiveCfg = Release|Any CPU
		{80FBE519-F2BD-4A82-4CE0-AD2CCBC3A17C}.Release|Any CPU.Build.0 = Release|Any CPU
	EndGlobalSection
	GlobalSection(SolutionProperties) = preSolution
		HideSolutionNode = FALSE
	EndGlobalSection
EndGlobal
